
Microsoft Visual Studio Solution File, Format Version 12.00
# Visual Studio Version 16
VisualStudioVersion = 16.0.30225.117
MinimumVisualStudioVersion = 10.0.40219.1
Project("{FAE04EC0-301F-11D3-BF4B-00C04F79EFBC}") = "productmanagement", "productmanagement\productmanagement.csproj", "{EE7F8272-E10E-4985-B2BE-75464266583D}"
EndProject
Project("{FAE04EC0-301F-11D3-BF4B-00C04F79EFBC}") = "Interface", "Interface\Interface.csproj", "{C856865E-A52F-4D41-AEBB-E2FE976B391F}"
EndProject
Project("{FAE04EC0-301F-11D3-BF4B-00C04F79EFBC}") = "CollectionDemo", "CollectionDemo\CollectionDemo.csproj", "{18E0E946-1CD0-481B-938B-C14A0B7DCB71}"
EndProject
Global
	GlobalSection(SolutionConfigurationPlatforms) = preSolution
		Debug|Any CPU = Debug|Any CPU
		Release|Any CPU = Release|Any CPU
	EndGlobalSection
	GlobalSection(ProjectConfigurationPlatforms) = postSolution
		{EE7F8272-E10E-4985-B2BE-75464266583D}.Debug|Any CPU.ActiveCfg = Debug|Any CPU
		{EE7F8272-E10E-4985-B2BE-75464266583D}.Debug|Any CPU.Build.0 = Debug|Any CPU
		{EE7F8272-E10E-4985-B2BE-75464266583D}.Release|Any CPU.ActiveCfg = Release|Any CPU
		{EE7F8272-E10E-4985-B2BE-75464266583D}.Release|Any CPU.Build.0 = Release|Any CPU
		{C856865E-A52F-4D41-AEBB-E2FE976B391F}.Debug|Any CPU.ActiveCfg = Debug|Any CPU
		{C856865E-A52F-4D41-AEBB-E2FE976B391F}.Debug|Any CPU.Build.0 = Debug|Any CPU
		{C856865E-A52F-4D41-AEBB-E2FE976B391F}.Release|Any CPU.ActiveCfg = Release|Any CPU
		{C856865E-A52F-4D41-AEBB-E2FE976B391F}.Release|Any CPU.Build.0 = Release|Any CPU
		{18E0E946-1CD0-481B-938B-C14A0B7DCB71}.Debug|Any CPU.ActiveCfg = Debug|Any CPU
		{18E0E946-1CD0-481B-938B-C14A0B7DCB71}.Debug|Any CPU.Build.0 = Debug|Any CPU
		{18E0E946-1CD0-481B-938B-C14A0B7DCB71}.Release|Any CPU.ActiveCfg = Release|Any CPU
		{18E0E946-1CD0-481B-938B-C14A0B7DCB71}.Release|Any CPU.Build.0 = Release|Any CPU
	EndGlobalSection
	GlobalSection(SolutionProperties) = preSolution
		HideSolutionNode = FALSE
	EndGlobalSection
	GlobalSection(ExtensibilityGlobals) = postSolution
		SolutionGuid = {1B977739-0D1F-45EB-A6EE-159C6F0B9DB5}
	EndGlobalSection
EndGlobal
